
Microsoft Visual Studio Solution File, Format Version 12.00
# Visual Studio Version 17
VisualStudioVersion = 17.6.33815.320
MinimumVisualStudioVersion = 10.0.40219.1
Project("{FAE04EC0-301F-11D3-BF4B-00C04F79EFBC}") = "GamelistApp1.TestConsole", "GamelistApp1.TestConsole\GamelistApp1.TestConsole.csproj", "{1ECA3FAE-52FC-4836-9B61-DE5AA52FA9A1}"
EndProject
Global
	GlobalSection(SolutionConfigurationPlatforms) = preSolution
		Debug|Any CPU = Debug|Any CPU
		Release|Any CPU = Release|Any CPU
	EndGlobalSection
	GlobalSection(ProjectConfigurationPlatforms) = postSolution
		{1ECA3FAE-52FC-4836-9B61-DE5AA52FA9A1}.Debug|Any CPU.ActiveCfg = Debug|Any CPU
		{1ECA3FAE-52FC-4836-9B61-DE5AA52FA9A1}.Debug|Any CPU.Build.0 = Debug|Any CPU
		{1ECA3FAE-52FC-4836-9B61-DE5AA52FA9A1}.Release|Any CPU.ActiveCfg = Release|Any CPU
		{1ECA3FAE-52FC-4836-9B61-DE5AA52FA9A1}.Release|Any CPU.Build.0 = Release|Any CPU
	EndGlobalSection
	GlobalSection(SolutionProperties) = preSolution
		HideSolutionNode = FALSE
	EndGlobalSection
	GlobalSection(ExtensibilityGlobals) = postSolution
		SolutionGuid = {B756FFD4-B3BF-4F6F-A32B-53388B43C56C}
	EndGlobalSection
EndGlobal
